{
  "name": "sidenavbar",
  "lockfileVersion": 3,
  "requires": true,
  "packages": {
    "": {
      "dependencies": {
        "theme-toggles": "^4.10.1"
      }
    },
    "node_modules/theme-toggles": {
      "version": "4.10.1",
      "resolved": "https://registry.npmjs.org/theme-toggles/-/theme-toggles-4.10.1.tgz",
      "integrity": "sha512-PCvj0cB+3JOv8gUXjvp+/7Nu7hSLAYCwmxsAjltIhUUpF6NPn3jDMo64KCu2S2HQe+lGAEM01f2hDzqlPg3bsQ==",
      "funding": {
        "type": "github",
        "url": "https://github.com/sponsors/alfiejones"
      }
    }
  }
}
